
Microsoft Visual Studio Solution File, Format Version 12.00
# Visual Studio Version 16
VisualStudioVersion = 16.0.31702.278
MinimumVisualStudioVersion = 10.0.40219.1
Project("{FAE04EC0-301F-11D3-BF4B-00C04F79EFBC}") = "VideoWatching", "VideoWatching\VideoWatching.csproj", "{173C90B8-A68F-4AA5-A17C-D01F5ECECA7D}"
EndProject
Project("{FAE04EC0-301F-11D3-BF4B-00C04F79EFBC}") = "BLL", "BLL\BLL.csproj", "{CA46DDD7-11F9-4B4C-AE6A-7A538FB6D7B1}"
EndProject
Global
	GlobalSection(SolutionConfigurationPlatforms) = preSolution
		Debug|Any CPU = Debug|Any CPU
		Release|Any CPU = Release|Any CPU
	EndGlobalSection
	GlobalSection(ProjectConfigurationPlatforms) = postSolution
		{173C90B8-A68F-4AA5-A17C-D01F5ECECA7D}.Debug|Any CPU.ActiveCfg = Debug|Any CPU
		{173C90B8-A68F-4AA5-A17C-D01F5ECECA7D}.Debug|Any CPU.Build.0 = Debug|Any CPU
		{173C90B8-A68F-4AA5-A17C-D01F5ECECA7D}.Release|Any CPU.ActiveCfg = Release|Any CPU
		{173C90B8-A68F-4AA5-A17C-D01F5ECECA7D}.Release|Any CPU.Build.0 = Release|Any CPU
		{CA46DDD7-11F9-4B4C-AE6A-7A538FB6D7B1}.Debug|Any CPU.ActiveCfg = Debug|Any CPU
		{CA46DDD7-11F9-4B4C-AE6A-7A538FB6D7B1}.Debug|Any CPU.Build.0 = Debug|Any CPU
		{CA46DDD7-11F9-4B4C-AE6A-7A538FB6D7B1}.Release|Any CPU.ActiveCfg = Release|Any CPU
		{CA46DDD7-11F9-4B4C-AE6A-7A538FB6D7B1}.Release|Any CPU.Build.0 = Release|Any CPU
	EndGlobalSection
	GlobalSection(SolutionProperties) = preSolution
		HideSolutionNode = FALSE
	EndGlobalSection
	GlobalSection(ExtensibilityGlobals) = postSolution
		SolutionGuid = {3F42EA39-15F7-4D1A-93B7-1212C834BA9E}
	EndGlobalSection
EndGlobal
